// !$*UTF8*$!
{
	archiveVersion = 1;
	classes = {
	};
	objectVersion = 46;
	objects = {

/* Begin PBXBuildFile section */
		378A46FCFF6317DEF2A9BE6B /* Pods_pokedex_by_rascal.framework in Frameworks */ = {isa = PBXBuildFile; fileRef = 7C20370FF3F7693CB7135359 /* Pods_pokedex_by_rascal.framework */; };
		C86D96E71C98BA1C00C6F13A /* AppDelegate.swift in Sources */ = {isa = PBXBuildFile; fileRef = C86D96E61C98BA1C00C6F13A /* AppDelegate.swift */; };
		C86D96E91C98BA1C00C6F13A /* ViewController.swift in Sources */ = {isa = PBXBuildFile; fileRef = C86D96E81C98BA1C00C6F13A /* ViewController.swift */; };
		C86D96EE1C98BA1C00C6F13A /* Assets.xcassets in Resources */ = {isa = PBXBuildFile; fileRef = C86D96ED1C98BA1C00C6F13A /* Assets.xcassets */; };
		C86D96F11C98BA1C00C6F13A /* LaunchScreen.storyboard in Resources */ = {isa = PBXBuildFile; fileRef = C86D96EF1C98BA1C00C6F13A /* LaunchScreen.storyboard */; };
		C86D96F91C98BC6B00C6F13A /* pokemon.csv in Resources */ = {isa = PBXBuildFile; fileRef = C86D96F81C98BC6B00C6F13A /* pokemon.csv */; };
		C86D96FC1C98BD6A00C6F13A /* Pokemon.swift in Sources */ = {isa = PBXBuildFile; fileRef = C86D96FB1C98BD6A00C6F13A /* Pokemon.swift */; };
		C86D96FF1C98C27300C6F13A /* PokeCell.swift in Sources */ = {isa = PBXBuildFile; fileRef = C86D96FE1C98C27300C6F13A /* PokeCell.swift */; };
		C86D97011C98C8B800C6F13A /* csv.swift in Sources */ = {isa = PBXBuildFile; fileRef = C86D97001C98C8B800C6F13A /* csv.swift */; };
		C86D97061C98CCAD00C6F13A /* PokemonFont.ttf in Resources */ = {isa = PBXBuildFile; fileRef = C86D97051C98CCAD00C6F13A /* PokemonFont.ttf */; };
		C86D97081C98CEEC00C6F13A /* music.mp3 in Resources */ = {isa = PBXBuildFile; fileRef = C86D97071C98CEEC00C6F13A /* music.mp3 */; };
		C86D970A1C994E6200C6F13A /* PokemonDetailVC.swift in Sources */ = {isa = PBXBuildFile; fileRef = C86D97091C994E6200C6F13A /* PokemonDetailVC.swift */; };
		C86D970D1C99519100C6F13A /* Main.storyboard in Resources */ = {isa = PBXBuildFile; fileRef = C86D970B1C99519100C6F13A /* Main.storyboard */; };
		C88DCFA21C9A0A6500744B10 /* Constants.swift in Sources */ = {isa = PBXBuildFile; fileRef = C88DCFA11C9A0A6500744B10 /* Constants.swift */; };
		C88DCFA41C9B632F00744B10 /* MovesCell.swift in Sources */ = {isa = PBXBuildFile; fileRef = C88DCFA31C9B632F00744B10 /* MovesCell.swift */; };
		C88DCFA61C9CA65400744B10 /* Move.swift in Sources */ = {isa = PBXBuildFile; fileRef = C88DCFA51C9CA65400744B10 /* Move.swift */; };
/* End PBXBuildFile section */

/* Begin PBXFileReference section */
		2B45702EF68D6A2827EE3A3D /* Pods-pokedex-by-rascal.release.xcconfig */ = {isa = PBXFileReference; includeInIndex = 1; lastKnownFileType = text.xcconfig; name = "Pods-pokedex-by-rascal.release.xcconfig"; path = "Pods/Target Support Files/Pods-pokedex-by-rascal/Pods-pokedex-by-rascal.release.xcconfig"; sourceTree = "<group>"; };
		56358634E737C029578C07B1 /* Pods-pokedex-by-rascal.debug.xcconfig */ = {isa = PBXFileReference; includeInIndex = 1; lastKnownFileType = text.xcconfig; name = "Pods-pokedex-by-rascal.debug.xcconfig"; path = "Pods/Target Support Files/Pods-pokedex-by-rascal/Pods-pokedex-by-rascal.debug.xcconfig"; sourceTree = "<group>"; };
		7C20370FF3F7693CB7135359 /* Pods_pokedex_by_rascal.framework */ = {isa = PBXFileReference; explicitFileType = wrapper.framework; includeInIndex = 0; path = Pods_pokedex_by_rascal.framework; sourceTree = BUILT_PRODUCTS_DIR; };
		C86D96E31C98BA1C00C6F13A /* pokedex-by-rascal.app */ = {isa = PBXFileReference; explicitFileType = wrapper.application; includeInIndex = 0; path = "pokedex-by-rascal.app"; sourceTree = BUILT_PRODUCTS_DIR; };
		C86D96E61C98BA1C00C6F13A /* AppDelegate.swift */ = {isa = PBXFileReference; lastKnownFileType = sourcecode.swift; path = AppDelegate.swift; sourceTree = "<group>"; };
		C86D96E81C98BA1C00C6F13A /* ViewController.swift */ = {isa = PBXFileReference; lastKnownFileType = sourcecode.swift; path = ViewController.swift; sourceTree = "<group>"; };
		C86D96ED1C98BA1C00C6F13A /* Assets.xcassets */ = {isa = PBXFileReference; lastKnownFileType = folder.assetcatalog; path = Assets.xcassets; sourceTree = "<group>"; };
		C86D96F01C98BA1C00C6F13A /* Base */ = {isa = PBXFileReference; lastKnownFileType = file.storyboard; name = Base; path = Base.lproj/LaunchScreen.storyboard; sourceTree = "<group>"; };
		C86D96F21C98BA1C00C6F13A /* Info.plist */ = {isa = PBXFileReference; lastKnownFileType = text.plist.xml; path = Info.plist; sourceTree = "<group>"; };
		C86D96F81C98BC6B00C6F13A /* pokemon.csv */ = {isa = PBXFileReference; fileEncoding = 4; lastKnownFileType = text; path = pokemon.csv; sourceTree = "<group>"; };
		C86D96FB1C98BD6A00C6F13A /* Pokemon.swift */ = {isa = PBXFileReference; fileEncoding = 4; lastKnownFileType = sourcecode.swift; path = Pokemon.swift; sourceTree = "<group>"; };
		C86D96FE1C98C27300C6F13A /* PokeCell.swift */ = {isa = PBXFileReference; fileEncoding = 4; lastKnownFileType = sourcecode.swift; path = PokeCell.swift; sourceTree = "<group>"; };
		C86D97001C98C8B800C6F13A /* csv.swift */ = {isa = PBXFileReference; fileEncoding = 4; lastKnownFileType = sourcecode.swift; path = csv.swift; sourceTree = "<group>"; };
		C86D97051C98CCAD00C6F13A /* PokemonFont.ttf */ = {isa = PBXFileReference; lastKnownFileType = file; path = PokemonFont.ttf; sourceTree = "<group>"; };
		C86D97071C98CEEC00C6F13A /* music.mp3 */ = {isa = PBXFileReference; lastKnownFileType = audio.mp3; path = music.mp3; sourceTree = "<group>"; };
		C86D97091C994E6200C6F13A /* PokemonDetailVC.swift */ = {isa = PBXFileReference; fileEncoding = 4; lastKnownFileType = sourcecode.swift; path = PokemonDetailVC.swift; sourceTree = "<group>"; };
		C86D970C1C99519100C6F13A /* Base */ = {isa = PBXFileReference; lastKnownFileType = file.storyboard; name = Base; path = Base.lproj/Main.storyboard; sourceTree = "<group>"; };
		C88DCFA11C9A0A6500744B10 /* Constants.swift */ = {isa = PBXFileReference; fileEncoding = 4; lastKnownFileType = sourcecode.swift; path = Constants.swift; sourceTree = "<group>"; };
		C88DCFA31C9B632F00744B10 /* MovesCell.swift */ = {isa = PBXFileReference; fileEncoding = 4; lastKnownFileType = sourcecode.swift; path = MovesCell.swift; sourceTree = "<group>"; };
		C88DCFA51C9CA65400744B10 /* Move.swift */ = {isa = PBXFileReference; fileEncoding = 4; lastKnownFileType = sourcecode.swift; path = Move.swift; sourceTree = "<group>"; };
/* End PBXFileReference section */

/* Begin PBXFrameworksBuildPhase section */
		C86D96E01C98BA1C00C6F13A /* Frameworks */ = {
			isa = PBXFrameworksBuildPhase;
			buildActionMask = 2147483647;
			files = (
				378A46FCFF6317DEF2A9BE6B /* Pods_pokedex_by_rascal.framework in Frameworks */,
			);
			runOnlyForDeploymentPostprocessing = 0;
		};
/* End PBXFrameworksBuildPhase section */

/* Begin PBXGroup section */
		3CFAF6720D9F7074EEBD40EC /* Pods */ = {
			isa = PBXGroup;
			children = (
				56358634E737C029578C07B1 /* Pods-pokedex-by-rascal.debug.xcconfig */,
				2B45702EF68D6A2827EE3A3D /* Pods-pokedex-by-rascal.release.xcconfig */,
			);
			name = Pods;
			sourceTree = "<group>";
		};
		5E8F939CADB09D8F31D0120B /* Frameworks */ = {
			isa = PBXGroup;
			children = (
				7C20370FF3F7693CB7135359 /* Pods_pokedex_by_rascal.framework */,
			);
			name = Frameworks;
			sourceTree = "<group>";
		};
		C86D96DA1C98BA1C00C6F13A = {
			isa = PBXGroup;
			children = (
				C86D96E51C98BA1C00C6F13A /* pokedex-by-rascal */,
				C86D96E41C98BA1C00C6F13A /* Products */,
				3CFAF6720D9F7074EEBD40EC /* Pods */,
				5E8F939CADB09D8F31D0120B /* Frameworks */,
			);
			sourceTree = "<group>";
		};
		C86D96E41C98BA1C00C6F13A /* Products */ = {
			isa = PBXGroup;
			children = (
				C86D96E31C98BA1C00C6F13A /* pokedex-by-rascal.app */,
			);
			name = Products;
			sourceTree = "<group>";
		};
		C86D96E51C98BA1C00C6F13A /* pokedex-by-rascal */ = {
			isa = PBXGroup;
			children = (
				C86D96FA1C98BD5200C6F13A /* Model */,
				C86D96FD1C98C24200C6F13A /* View */,
				C86D97031C98C8DD00C6F13A /* Controller */,
				C86D97021C98C8CF00C6F13A /* Util */,
				C86D97041C98C8E900C6F13A /* Resources */,
				C86D96E61C98BA1C00C6F13A /* AppDelegate.swift */,
				C86D96ED1C98BA1C00C6F13A /* Assets.xcassets */,
				C86D96F21C98BA1C00C6F13A /* Info.plist */,
			);
			path = "pokedex-by-rascal";
			sourceTree = "<group>";
		};
		C86D96FA1C98BD5200C6F13A /* Model */ = {
			isa = PBXGroup;
			children = (
				C86D96FB1C98BD6A00C6F13A /* Pokemon.swift */,
				C88DCFA51C9CA65400744B10 /* Move.swift */,
			);
			name = Model;
			sourceTree = "<group>";
		};
		C86D96FD1C98C24200C6F13A /* View */ = {
			isa = PBXGroup;
			children = (
				C88DCFA31C9B632F00744B10 /* MovesCell.swift */,
				C86D96FE1C98C27300C6F13A /* PokeCell.swift */,
				C86D96EF1C98BA1C00C6F13A /* LaunchScreen.storyboard */,
				C86D970B1C99519100C6F13A /* Main.storyboard */,
			);
			name = View;
			sourceTree = "<group>";
		};
		C86D97021C98C8CF00C6F13A /* Util */ = {
			isa = PBXGroup;
			children = (
				C86D97001C98C8B800C6F13A /* csv.swift */,
				C88DCFA11C9A0A6500744B10 /* Constants.swift */,
			);
			name = Util;
			sourceTree = "<group>";
		};
		C86D97031C98C8DD00C6F13A /* Controller */ = {
			isa = PBXGroup;
			children = (
				C86D96E81C98BA1C00C6F13A /* ViewController.swift */,
				C86D97091C994E6200C6F13A /* PokemonDetailVC.swift */,
			);
			name = Controller;
			sourceTree = "<group>";
		};
		C86D97041C98C8E900C6F13A /* Resources */ = {
			isa = PBXGroup;
			children = (
				C86D97071C98CEEC00C6F13A /* music.mp3 */,
				C86D97051C98CCAD00C6F13A /* PokemonFont.ttf */,
				C86D96F81C98BC6B00C6F13A /* pokemon.csv */,
			);
			name = Resources;
			sourceTree = "<group>";
		};
/* End PBXGroup section */

/* Begin PBXNativeTarget section */
		C86D96E21C98BA1C00C6F13A /* pokedex-by-rascal */ = {
			isa = PBXNativeTarget;
			buildConfigurationList = C86D96F51C98BA1C00C6F13A /* Build configuration list for PBXNativeTarget "pokedex-by-rascal" */;
			buildPhases = (
				3DA85F1C43718B4ECE85E9BD /* Check Pods Manifest.lock */,
				C86D96DF1C98BA1C00C6F13A /* Sources */,
				C86D96E01C98BA1C00C6F13A /* Frameworks */,
				C86D96E11C98BA1C00C6F13A /* Resources */,
				582CB5BDA49F24CD586B2392 /* Embed Pods Frameworks */,
				BB01D14EA5B7740057BC155C /* Copy Pods Resources */,
			);
			buildRules = (
			);
			dependencies = (
			);
			name = "pokedex-by-rascal";
			productName = "pokedex-by-rascal";
			productReference = C86D96E31C98BA1C00C6F13A /* pokedex-by-rascal.app */;
			productType = "com.apple.product-type.application";
		};
/* End PBXNativeTarget section */

/* Begin PBXProject section */
		C86D96DB1C98BA1C00C6F13A /* Project object */ = {
			isa = PBXProject;
			attributes = {
				LastSwiftUpdateCheck = 0720;
				LastUpgradeCheck = 0720;
				ORGANIZATIONNAME = JustOneJess;
				TargetAttributes = {
					C86D96E21C98BA1C00C6F13A = {
						CreatedOnToolsVersion = 7.2.1;
					};
				};
			};
			buildConfigurationList = C86D96DE1C98BA1C00C6F13A /* Build configuration list for PBXProject "pokedex-by-rascal" */;
			compatibilityVersion = "Xcode 3.2";
			developmentRegion = English;
			hasScannedForEncodings = 0;
			knownRegions = (
				en,
				Base,
			);
			mainGroup = C86D96DA1C98BA1C00C6F13A;
			productRefGroup = C86D96E41C98BA1C00C6F13A /* Products */;
			projectDirPath = "";
			projectRoot = "";
			targets = (
				C86D96E21C98BA1C00C6F13A /* pokedex-by-rascal */,
			);
		};
/* End PBXProject section */

/* Begin PBXResourcesBuildPhase section */
		C86D96E11C98BA1C00C6F13A /* Resources */ = {
			isa = PBXResourcesBuildPhase;
			buildActionMask = 2147483647;
			files = (
				C86D96F11C98BA1C00C6F13A /* LaunchScreen.storyboard in Resources */,
				C86D96EE1C98BA1C00C6F13A /* Assets.xcassets in Resources */,
				C86D97081C98CEEC00C6F13A /* music.mp3 in Resources */,
				C86D970D1C99519100C6F13A /* Main.storyboard in Resources */,
				C86D96F91C98BC6B00C6F13A /* pokemon.csv in Resources */,
				C86D97061C98CCAD00C6F13A /* PokemonFont.ttf in Resources */,
			);
			runOnlyForDeploymentPostprocessing = 0;
		};
/* End PBXResourcesBuildPhase section */

/* Begin PBXShellScriptBuildPhase section */
		3DA85F1C43718B4ECE85E9BD /* Check Pods Manifest.lock */ = {
			isa = PBXShellScriptBuildPhase;
			buildActionMask = 2147483647;
			files = (
			);
			inputPaths = (
			);
			name = "Check Pods Manifest.lock";
			outputPaths = (
			);
			runOnlyForDeploymentPostprocessing = 0;
			shellPath = /bin/sh;
			shellScript = "diff \"${PODS_ROOT}/../Podfile.lock\" \"${PODS_ROOT}/Manifest.lock\" > /dev/null\nif [[ $? != 0 ]] ; then\n    cat << EOM\nerror: The sandbox is not in sync with the Podfile.lock. Run 'pod install' or update your CocoaPods installation.\nEOM\n    exit 1\nfi\n";
			showEnvVarsInLog = 0;
		};
		582CB5BDA49F24CD586B2392 /* Embed Pods Frameworks */ = {
			isa = PBXShellScriptBuildPhase;
			buildActionMask = 2147483647;
			files = (
			);
			inputPaths = (
			);
			name = "Embed Pods Frameworks";
			outputPaths = (
			);
			runOnlyForDeploymentPostprocessing = 0;
			shellPath = /bin/sh;
			shellScript = "\"${SRCROOT}/Pods/Target Support Files/Pods-pokedex-by-rascal/Pods-pokedex-by-rascal-frameworks.sh\"\n";
			showEnvVarsInLog = 0;
		};
		BB01D14EA5B7740057BC155C /* Copy Pods Resources */ = {
			isa = PBXShellScriptBuildPhase;
			buildActionMask = 2147483647;
			files = (
			);
			inputPaths = (
			);
			name = "Copy Pods Resources";
			outputPaths = (
			);
			runOnlyForDeploymentPostprocessing = 0;
			shellPath = /bin/sh;
			shellScript = "\"${SRCROOT}/Pods/Target Support Files/Pods-pokedex-by-rascal/Pods-pokedex-by-rascal-resources.sh\"\n";
			showEnvVarsInLog = 0;
		};
/* End PBXShellScriptBuildPhase section */

/* Begin PBXSourcesBuildPhase section */
		C86D96DF1C98BA1C00C6F13A /* Sources */ = {
			isa = PBXSourcesBuildPhase;
			buildActionMask = 2147483647;
			files = (
				C86D96FF1C98C27300C6F13A /* PokeCell.swift in Sources */,
				C86D96E91C98BA1C00C6F13A /* ViewController.swift in Sources */,
				C86D96E71C98BA1C00C6F13A /* AppDelegate.swift in Sources */,
				C86D970A1C994E6200C6F13A /* PokemonDetailVC.swift in Sources */,
				C88DCFA61C9CA65400744B10 /* Move.swift in Sources */,
				C88DCFA41C9B632F00744B10 /* MovesCell.swift in Sources */,
				C88DCFA21C9A0A6500744B10 /* Constants.swift in Sources */,
				C86D96FC1C98BD6A00C6F13A /* Pokemon.swift in Sources */,
				C86D97011C98C8B800C6F13A /* csv.swift in Sources */,
			);
			runOnlyForDeploymentPostprocessing = 0;
		};
/* End PBXSourcesBuildPhase section */

/* Begin PBXVariantGroup section */
		C86D96EF1C98BA1C00C6F13A /* LaunchScreen.storyboard */ = {
			isa = PBXVariantGroup;
			children = (
				C86D96F01C98BA1C00C6F13A /* Base */,
			);
			name = LaunchScreen.storyboard;
			sourceTree = "<group>";
		};
		C86D970B1C99519100C6F13A /* Main.storyboard */ = {
			isa = PBXVariantGroup;
			children = (
				C86D970C1C99519100C6F13A /* Base */,
			);
			name = Main.storyboard;
			sourceTree = "<group>";
		};
/* End PBXVariantGroup section */

/* Begin XCBuildConfiguration section */
		C86D96F31C98BA1C00C6F13A /* Debug */ = {
			isa = XCBuildConfiguration;
			buildSettings = {
				ALWAYS_SEARCH_USER_PATHS = NO;
				CLANG_CXX_LANGUAGE_STANDARD = "gnu++0x";
				CLANG_CXX_LIBRARY = "libc++";
				CLANG_ENABLE_MODULES = YES;
				CLANG_ENABLE_OBJC_ARC = YES;
				CLANG_WARN_BOOL_CONVERSION = YES;
				CLANG_WARN_CONSTANT_CONVERSION = YES;
				CLANG_WARN_DIRECT_OBJC_ISA_USAGE = YES_ERROR;
				CLANG_WARN_EMPTY_BODY = YES;
				CLANG_WARN_ENUM_CONVERSION = YES;
				CLANG_WARN_INT_CONVERSION = YES;
				CLANG_WARN_OBJC_ROOT_CLASS = YES_ERROR;
				CLANG_WARN_UNREACHABLE_CODE = YES;
				CLANG_WARN__DUPLICATE_METHOD_MATCH = YES;
				"CODE_SIGN_IDENTITY[sdk=iphoneos*]" = "iPhone Developer";
				COPY_PHASE_STRIP = NO;
				DEBUG_INFORMATION_FORMAT = dwarf;
				ENABLE_STRICT_OBJC_MSGSEND = YES;
				ENABLE_TESTABILITY = YES;
				GCC_C_LANGUAGE_STANDARD = gnu99;
				GCC_DYNAMIC_NO_PIC = NO;
				GCC_NO_COMMON_BLOCKS = YES;
				GCC_OPTIMIZATION_LEVEL = 0;
				GCC_PREPROCESSOR_DEFINITIONS = (
					"DEBUG=1",
					"$(inherited)",
				);
				GCC_WARN_64_TO_32_BIT_CONVERSION = YES;
				GCC_WARN_ABOUT_RETURN_TYPE = YES_ERROR;
				GCC_WARN_UNDECLARED_SELECTOR = YES;
				GCC_WARN_UNINITIALIZED_AUTOS = YES_AGGRESSIVE;
				GCC_WARN_UNUSED_FUNCTION = YES;
				GCC_WARN_UNUSED_VARIABLE = YES;
				IPHONEOS_DEPLOYMENT_TARGET = 9.2;
				MTL_ENABLE_DEBUG_INFO = YES;
				ONLY_ACTIVE_ARCH = YES;
				SDKROOT = iphoneos;
				SWIFT_OPTIMIZATION_LEVEL = "-Onone";
				TARGETED_DEVICE_FAMILY = "1,2";
			};
			name = Debug;
		};
		C86D96F41C98BA1C00C6F13A /* Release */ = {
			isa = XCBuildConfiguration;
			buildSettings = {
				ALWAYS_SEARCH_USER_PATHS = NO;
				CLANG_CXX_LANGUAGE_STANDARD = "gnu++0x";
				CLANG_CXX_LIBRARY = "libc++";
				CLANG_ENABLE_MODULES = YES;
				CLANG_ENABLE_OBJC_ARC = YES;
				CLANG_WARN_BOOL_CONVERSION = YES;
				CLANG_WARN_CONSTANT_CONVERSION = YES;
				CLANG_WARN_DIRECT_OBJC_ISA_USAGE = YES_ERROR;
				CLANG_WARN_EMPTY_BODY = YES;
				CLANG_WARN_ENUM_CONVERSION = YES;
				CLANG_WARN_INT_CONVERSION = YES;
				CLANG_WARN_OBJC_ROOT_CLASS = YES_ERROR;
				CLANG_WARN_UNREACHABLE_CODE = YES;
				CLANG_WARN__DUPLICATE_METHOD_MATCH = YES;
				"CODE_SIGN_IDENTITY[sdk=iphoneos*]" = "iPhone Developer";
				COPY_PHASE_STRIP = NO;
				DEBUG_INFORMATION_FORMAT = "dwarf-with-dsym";
				ENABLE_NS_ASSERTIONS = NO;
				ENABLE_STRICT_OBJC_MSGSEND = YES;
				GCC_C_LANGUAGE_STANDARD = gnu99;
				GCC_NO_COMMON_BLOCKS = YES;
				GCC_WARN_64_TO_32_BIT_CONVERSION = YES;
				GCC_WARN_ABOUT_RETURN_TYPE = YES_ERROR;
				GCC_WARN_UNDECLARED_SELECTOR = YES;
				GCC_WARN_UNINITIALIZED_AUTOS = YES_AGGRESSIVE;
				GCC_WARN_UNUSED_FUNCTION = YES;
				GCC_WARN_UNUSED_VARIABLE = YES;
				IPHONEOS_DEPLOYMENT_TARGET = 9.2;
				MTL_ENABLE_DEBUG_INFO = NO;
				SDKROOT = iphoneos;
				TARGETED_DEVICE_FAMILY = "1,2";
				VALIDATE_PRODUCT = YES;
			};
			name = Release;
		};
		C86D96F61C98BA1C00C6F13A /* Debug */ = {
			isa = XCBuildConfiguration;
			baseConfigurationReference = 56358634E737C029578C07B1 /* Pods-pokedex-by-rascal.debug.xcconfig */;
			buildSettings = {
				ASSETCATALOG_COMPILER_APPICON_NAME = AppIcon;
				INFOPLIST_FILE = "pokedex-by-rascal/Info.plist";
				LD_RUNPATH_SEARCH_PATHS = "$(inherited) @executable_path/Frameworks";
				PRODUCT_BUNDLE_IDENTIFIER = "com.justonejess.pokedex-by-rascal";
				PRODUCT_NAME = "$(TARGET_NAME)";
			};
			name = Debug;
		};
		C86D96F71C98BA1C00C6F13A /* Release */ = {
			isa = XCBuildConfiguration;
			baseConfigurationReference = 2B45702EF68D6A2827EE3A3D /* Pods-pokedex-by-rascal.release.xcconfig */;
			buildSettings = {
				ASSETCATALOG_COMPILER_APPICON_NAME = AppIcon;
				INFOPLIST_FILE = "pokedex-by-rascal/Info.plist";
				LD_RUNPATH_SEARCH_PATHS = "$(inherited) @executable_path/Frameworks";
				PRODUCT_BUNDLE_IDENTIFIER = "com.justonejess.pokedex-by-rascal";
				PRODUCT_NAME = "$(TARGET_NAME)";
			};
			name = Release;
		};
/* End XCBuildConfiguration section */

/* Begin XCConfigurationList section */
		C86D96DE1C98BA1C00C6F13A /* Build configuration list for PBXProject "pokedex-by-rascal" */ = {
			isa = XCConfigurationList;
			buildConfigurations = (
				C86D96F31C98BA1C00C6F13A /* Debug */,
				C86D96F41C98BA1C00C6F13A /* Release */,
			);
			defaultConfigurationIsVisible = 0;
			defaultConfigurationName = Release;
		};
		C86D96F51C98BA1C00C6F13A /* Build configuration list for PBXNativeTarget "pokedex-by-rascal" */ = {
			isa = XCConfigurationList;
			buildConfigurations = (
				C86D96F61C98BA1C00C6F13A /* Debug */,
				C86D96F71C98BA1C00C6F13A /* Release */,
			);
			defaultConfigurationIsVisible = 0;
			defaultConfigurationName = Release;
		};
/* End XCConfigurationList section */
	};
	rootObject = C86D96DB1C98BA1C00C6F13A /* Project object */;
}
